
Microsoft Visual Studio Solution File, Format Version 12.00
# Visual Studio Version 17
VisualStudioVersion = 17.0.31903.59
MinimumVisualStudioVersion = 10.0.40219.1
Project("{9A19103F-16F7-4668-BE54-9A1E7A4F7556}") = "Api", "src\Api\Api.csproj", "{ABCBBEE9-3822-4D77-BC45-4E87A1D75848}"
EndProject
Project("{2150E333-8FDC-42A3-9474-1A3956D46DE8}") = "src", "src", "{979225D6-E9A2-4209-BCCF-0C602676B0E9}"
EndProject
Project("{9A19103F-16F7-4668-BE54-9A1E7A4F7556}") = "Infra", "src\Infra\Infra.csproj", "{294F8ADF-58EE-4D9E-A2D8-8925060EAF6A}"
EndProject
Project("{2150E333-8FDC-42A3-9474-1A3956D46DE8}") = "Solution Items", "Solution Items", "{BC11E62C-BD5F-420D-AFEC-A79051A2F994}"
	ProjectSection(SolutionItems) = preProject
		docker-compose.yml = docker-compose.yml
	EndProjectSection
EndProject
Global
	GlobalSection(SolutionConfigurationPlatforms) = preSolution
		Debug|Any CPU = Debug|Any CPU
		Release|Any CPU = Release|Any CPU
	EndGlobalSection
	GlobalSection(ProjectConfigurationPlatforms) = postSolution
		{ABCBBEE9-3822-4D77-BC45-4E87A1D75848}.Debug|Any CPU.ActiveCfg = Debug|Any CPU
		{ABCBBEE9-3822-4D77-BC45-4E87A1D75848}.Debug|Any CPU.Build.0 = Debug|Any CPU
		{ABCBBEE9-3822-4D77-BC45-4E87A1D75848}.Release|Any CPU.ActiveCfg = Release|Any CPU
		{ABCBBEE9-3822-4D77-BC45-4E87A1D75848}.Release|Any CPU.Build.0 = Release|Any CPU
		{294F8ADF-58EE-4D9E-A2D8-8925060EAF6A}.Debug|Any CPU.ActiveCfg = Debug|Any CPU
		{294F8ADF-58EE-4D9E-A2D8-8925060EAF6A}.Debug|Any CPU.Build.0 = Debug|Any CPU
		{294F8ADF-58EE-4D9E-A2D8-8925060EAF6A}.Release|Any CPU.ActiveCfg = Release|Any CPU
		{294F8ADF-58EE-4D9E-A2D8-8925060EAF6A}.Release|Any CPU.Build.0 = Release|Any CPU
	EndGlobalSection
	GlobalSection(SolutionProperties) = preSolution
		HideSolutionNode = FALSE
	EndGlobalSection
	GlobalSection(NestedProjects) = preSolution
		{ABCBBEE9-3822-4D77-BC45-4E87A1D75848} = {979225D6-E9A2-4209-BCCF-0C602676B0E9}
		{294F8ADF-58EE-4D9E-A2D8-8925060EAF6A} = {979225D6-E9A2-4209-BCCF-0C602676B0E9}
	EndGlobalSection
	GlobalSection(ExtensibilityGlobals) = postSolution
		SolutionGuid = {D4089B45-4507-41AF-8DAF-86857ECA8226}
	EndGlobalSection
EndGlobal
